// !$*UTF8*$!
{
	archiveVersion = 1;
	classes = {
	};
	objectVersion = 77;
	objects = {

/* Begin PBXContainerItemProxy section */
		41C3BEB22F2C4F41000CAAE8 /* PBXContainerItemProxy */ = {
			isa = PBXContainerItemProxy;
			containerPortal = 41C3BE9A2F2C4F3D000CAAE8 /* Project object */;
			proxyType = 1;
			remoteGlobalIDString = 41C3BEA12F2C4F3D000CAAE8;
			remoteInfo = VisionSpeechDemoApp;
		};
		41C3BEBC2F2C4F41000CAAE8 /* PBXContainerItemProxy */ = {
			isa = PBXContainerItemProxy;
			containerPortal = 41C3BE9A2F2C4F3D000CAAE8 /* Project object */;
			proxyType = 1;
			remoteGlobalIDString = 41C3BEA12F2C4F3D000CAAE8;
			remoteInfo = VisionSpeechDemoApp;
		};
/* End PBXContainerItemProxy section */

/* Begin PBXFileReference section */
		41C3BEA22F2C4F3D000CAAE8 /* VisionSpeechDemoApp.app */ = {isa = PBXFileReference; explicitFileType = wrapper.application; includeInIndex = 0; path = VisionSpeechDemoApp.app; sourceTree = BUILT_PRODUCTS_DIR; };
		41C3BEB12F2C4F41000CAAE8 /* VisionSpeechDemoAppTests.xctest */ = {isa = PBXFileReference; explicitFileType = wrapper.cfbundle; includeInIndex = 0; path = VisionSpeechDemoAppTests.xctest; sourceTree = BUILT_PRODUCTS_DIR; };
		41C3BEBB2F2C4F41000CAAE8 /* VisionSpeechDemoAppUITests.xctest */ = {isa = PBXFileReference; explicitFileType = wrapper.cfbundle; includeInIndex = 0; path = VisionSpeechDemoAppUITests.xctest; sourceTree = BUILT_PRODUCTS_DIR; };
/* End PBXFileReference section */

/* Begin PBXFileSystemSynchronizedRootGroup section */
		41C3BEA42F2C4F3D000CAAE8 /* VisionSpeechDemoApp */ = {
			isa = PBXFileSystemSynchronizedRootGroup;
			path = VisionSpeechDemoApp;
			sourceTree = "<group>";
		};
		41C3BEB42F2C4F41000CAAE8 /* VisionSpeechDemoAppTests */ = {
			isa = PBXFileSystemSynchronizedRootGroup;
			path = VisionSpeechDemoAppTests;
			sourceTree = "<group>";
		};
		41C3BEBE2F2C4F41000CAAE8 /* VisionSpeechDemoAppUITests */ = {
			isa = PBXFileSystemSynchronizedRootGroup;
			path = VisionSpeechDemoAppUITests;
			sourceTree = "<group>";
		};
/* End PBXFileSystemSynchronizedRootGroup section */

/* Begin PBXFrameworksBuildPhase section */
		41C3BE9F2F2C4F3D000CAAE8 /* Frameworks */ = {
			isa = PBXFrameworksBuildPhase;
			buildActionMask = 2147483647;
			files = (
			);
			runOnlyForDeploymentPostprocessing = 0;
		};
		41C3BEAE2F2C4F41000CAAE8 /* Frameworks */ = {
			isa = PBXFrameworksBuildPhase;
			buildActionMask = 2147483647;
			files = (
			);
			runOnlyForDeploymentPostprocessing = 0;
		};
		41C3BEB82F2C4F41000CAAE8 /* Frameworks */ = {
			isa = PBXFrameworksBuildPhase;
			buildActionMask = 2147483647;
			files = (
			);
			runOnlyForDeploymentPostprocessing = 0;
		};
/* End PBXFrameworksBuildPhase section */

/* Begin PBXGroup section */
		41C3BE992F2C4F3D000CAAE8 = {
			isa = PBXGroup;
			children = (
				41C3BEA42F2C4F3D000CAAE8 /* VisionSpeechDemoApp */,
				41C3BEB42F2C4F41000CAAE8 /* VisionSpeechDemoAppTests */,
				41C3BEBE2F2C4F41000CAAE8 /* VisionSpeechDemoAppUITests */,
				41C3BEA32F2C4F3D000CAAE8 /* Products */,
			);
			sourceTree = "<group>";
		};
		41C3BEA32F2C4F3D000CAAE8 /* Products */ = {
			isa = PBXGroup;
			children = (
				41C3BEA22F2C4F3D000CAAE8 /* VisionSpeechDemoApp.app */,
				41C3BEB12F2C4F41000CAAE8 /* VisionSpeechDemoAppTests.xctest */,
				41C3BEBB2F2C4F41000CAAE8 /* VisionSpeechDemoAppUITests.xctest */,
			);
			name = Products;
			sourceTree = "<group>";
		};
/* End PBXGroup section */

/* Begin PBXNativeTarget section */
		41C3BEA12F2C4F3D000CAAE8 /* VisionSpeechDemoApp */ = {
			isa = PBXNativeTarget;
			buildConfigurationList = 41C3BEC52F2C4F41000CAAE8 /* Build configuration list for PBXNativeTarget "VisionSpeechDemoApp" */;
			buildPhases = (
				41C3BE9E2F2C4F3D000CAAE8 /* Sources */,
				41C3BE9F2F2C4F3D000CAAE8 /* Frameworks */,
				41C3BEA02F2C4F3D000CAAE8 /* Resources */,
			);
			buildRules = (
			);
			dependencies = (
			);
			fileSystemSynchronizedGroups = (
				41C3BEA42F2C4F3D000CAAE8 /* VisionSpeechDemoApp */,
			);
			name = VisionSpeechDemoApp;
			packageProductDependencies = (
			);
			productName = VisionSpeechDemoApp;
			productReference = 41C3BEA22F2C4F3D000CAAE8 /* VisionSpeechDemoApp.app */;
			productType = "com.apple.product-type.application";
		};
		41C3BEB02F2C4F41000CAAE8 /* VisionSpeechDemoAppTests */ = {
			isa = PBXNativeTarget;
			buildConfigurationList = 41C3BEC82F2C4F41000CAAE8 /* Build configuration list for PBXNativeTarget "VisionSpeechDemoAppTests" */;
			buildPhases = (
				41C3BEAD2F2C4F41000CAAE8 /* Sources */,
				41C3BEAE2F2C4F41000CAAE8 /* Frameworks */,
				41C3BEAF2F2C4F41000CAAE8 /* Resources */,
			);
			buildRules = (
			);
			dependencies = (
				41C3BEB32F2C4F41000CAAE8 /* PBXTargetDependency */,
			);
			fileSystemSynchronizedGroups = (
				41C3BEB42F2C4F41000CAAE8 /* VisionSpeechDemoAppTests */,
			);
			name = VisionSpeechDemoAppTests;
			packageProductDependencies = (
			);
			productName = VisionSpeechDemoAppTests;
			productReference = 41C3BEB12F2C4F41000CAAE8 /* VisionSpeechDemoAppTests.xctest */;
			productType = "com.apple.product-type.bundle.unit-test";
		};
		41C3BEBA2F2C4F41000CAAE8 /* VisionSpeechDemoAppUITests */ = {
			isa = PBXNativeTarget;
			buildConfigurationList = 41C3BECB2F2C4F41000CAAE8 /* Build configuration list for PBXNativeTarget "VisionSpeechDemoAppUITests" */;
			buildPhases = (
				41C3BEB72F2C4F41000CAAE8 /* Sources */,
				41C3BEB82F2C4F41000CAAE8 /* Frameworks */,
				41C3BEB92F2C4F41000CAAE8 /* Resources */,
			);
			buildRules = (
			);
			dependencies = (
				41C3BEBD2F2C4F41000CAAE8 /* PBXTargetDependency */,
			);
			fileSystemSynchronizedGroups = (
				41C3BEBE2F2C4F41000CAAE8 /* VisionSpeechDemoAppUITests */,
			);
			name = VisionSpeechDemoAppUITests;
			packageProductDependencies = (
			);
			productName = VisionSpeechDemoAppUITests;
			productReference = 41C3BEBB2F2C4F41000CAAE8 /* VisionSpeechDemoAppUITests.xctest */;
			productType = "com.apple.product-type.bundle.ui-testing";
		};
/* End PBXNativeTarget section */

/* Begin PBXProject section */
		41C3BE9A2F2C4F3D000CAAE8 /* Project object */ = {
			isa = PBXProject;
			attributes = {
				BuildIndependentTargetsInParallel = 1;
				LastSwiftUpdateCheck = 2600;
				LastUpgradeCheck = 2600;
				TargetAttributes = {
					41C3BEA12F2C4F3D000CAAE8 = {
						CreatedOnToolsVersion = 26.0.1;
					};
					41C3BEB02F2C4F41000CAAE8 = {
						CreatedOnToolsVersion = 26.0.1;
						TestTargetID = 41C3BEA12F2C4F3D000CAAE8;
					};
					41C3BEBA2F2C4F41000CAAE8 = {
						CreatedOnToolsVersion = 26.0.1;
						TestTargetID = 41C3BEA12F2C4F3D000CAAE8;
					};
				};
			};
			buildConfigurationList = 41C3BE9D2F2C4F3D000CAAE8 /* Build configuration list for PBXProject "VisionSpeechDemoApp" */;
			developmentRegion = en;
			hasScannedForEncodings = 0;
			knownRegions = (
				en,
				Base,
			);
			mainGroup = 41C3BE992F2C4F3D000CAAE8;
			minimizedProjectReferenceProxies = 1;
			preferredProjectObjectVersion = 77;
			productRefGroup = 41C3BEA32F2C4F3D000CAAE8 /* Products */;
			projectDirPath = "";
			projectRoot = "";
			targets = (
				41C3BEA12F2C4F3D000CAAE8 /* VisionSpeechDemoApp */,
				41C3BEB02F2C4F41000CAAE8 /* VisionSpeechDemoAppTests */,
				41C3BEBA2F2C4F41000CAAE8 /* VisionSpeechDemoAppUITests */,
			);
		};
/* End PBXProject section */

/* Begin PBXResourcesBuildPhase section */
		41C3BEA02F2C4F3D000CAAE8 /* Resources */ = {
			isa = PBXResourcesBuildPhase;
			buildActionMask = 2147483647;
			files = (
			);
			runOnlyForDeploymentPostprocessing = 0;
		};
		41C3BEAF2F2C4F41000CAAE8 /* Resources */ = {
			isa = PBXResourcesBuildPhase;
			buildActionMask = 2147483647;
			files = (
			);
			runOnlyForDeploymentPostprocessing = 0;
		};
		41C3BEB92F2C4F41000CAAE8 /* Resources */ = {
			isa = PBXResourcesBuildPhase;
			buildActionMask = 2147483647;
			files = (
			);
			runOnlyForDeploymentPostprocessing = 0;
		};
/* End PBXResourcesBuildPhase section */

/* Begin PBXSourcesBuildPhase section */
		41C3BE9E2F2C4F3D000CAAE8 /* Sources */ = {
			isa = PBXSourcesBuildPhase;
			buildActionMask = 2147483647;
			files = (
			);
			runOnlyForDeploymentPostprocessing = 0;
		};
		41C3BEAD2F2C4F41000CAAE8 /* Sources */ = {
			isa = PBXSourcesBuildPhase;
			buildActionMask = 2147483647;
			files = (
			);
			runOnlyForDeploymentPostprocessing = 0;
		};
		41C3BEB72F2C4F41000CAAE8 /* Sources */ = {
			isa = PBXSourcesBuildPhase;
			buildActionMask = 2147483647;
			files = (
			);
			runOnlyForDeploymentPostprocessing = 0;
		};
/* End PBXSourcesBuildPhase section */

/* Begin PBXTargetDependency section */
		41C3BEB32F2C4F41000CAAE8 /* PBXTargetDependency */ = {
			isa = PBXTargetDependency;
			target = 41C3BEA12F2C4F3D000CAAE8 /* VisionSpeechDemoApp */;
			targetProxy = 41C3BEB22F2C4F41000CAAE8 /* PBXContainerItemProxy */;
		};
		41C3BEBD2F2C4F41000CAAE8 /* PBXTargetDependency */ = {
			isa = PBXTargetDependency;
			target = 41C3BEA12F2C4F3D000CAAE8 /* VisionSpeechDemoApp */;
			targetProxy = 41C3BEBC2F2C4F41000CAAE8 /* PBXContainerItemProxy */;
		};
/* End PBXTargetDependency section */

/* Begin XCBuildConfiguration section */
		41C3BEC32F2C4F41000CAAE8 /* Debug */ = {
			isa = XCBuildConfiguration;
			buildSettings = {
				ALWAYS_SEARCH_USER_PATHS = NO;
				ASSETCATALOG_COMPILER_GENERATE_SWIFT_ASSET_SYMBOL_EXTENSIONS = YES;
				CLANG_ANALYZER_NONNULL = YES;
				CLANG_ANALYZER_NUMBER_OBJECT_CONVERSION = YES_AGGRESSIVE;
				CLANG_CXX_LANGUAGE_STANDARD = "gnu++20";
				CLANG_ENABLE_MODULES = YES;
				CLANG_ENABLE_OBJC_ARC = YES;
				CLANG_ENABLE_OBJC_WEAK = YES;
				CLANG_WARN_BLOCK_CAPTURE_AUTORELEASING = YES;
				CLANG_WARN_BOOL_CONVERSION = YES;
				CLANG_WARN_COMMA = YES;
				CLANG_WARN_CONSTANT_CONVERSION = YES;
				CLANG_WARN_DEPRECATED_OBJC_IMPLEMENTATIONS = YES;
				CLANG_WARN_DIRECT_OBJC_ISA_USAGE = YES_ERROR;
				CLANG_WARN_DOCUMENTATION_COMMENTS = YES;
				CLANG_WARN_EMPTY_BODY = YES;
				CLANG_WARN_ENUM_CONVERSION = YES;
				CLANG_WARN_INFINITE_RECURSION = YES;
				CLANG_WARN_INT_CONVERSION = YES;
				CLANG_WARN_NON_LITERAL_NULL_CONVERSION = YES;
				CLANG_WARN_OBJC_IMPLICIT_RETAIN_SELF = YES;
				CLANG_WARN_OBJC_LITERAL_CONVERSION = YES;
				CLANG_WARN_OBJC_ROOT_CLASS = YES_ERROR;
				CLANG_WARN_QUOTED_INCLUDE_IN_FRAMEWORK_HEADER = YES;
				CLANG_WARN_RANGE_LOOP_ANALYSIS = YES;
				CLANG_WARN_STRICT_PROTOTYPES = YES;
				CLANG_WARN_SUSPICIOUS_MOVE = YES;
				CLANG_WARN_UNGUARDED_AVAILABILITY = YES_AGGRESSIVE;
				CLANG_WARN_UNREACHABLE_CODE = YES;
				CLANG_WARN__DUPLICATE_METHOD_MATCH = YES;
				COPY_PHASE_STRIP = NO;
				DEBUG_INFORMATION_FORMAT = dwarf;
				ENABLE_STRICT_OBJC_MSGSEND = YES;
				ENABLE_TESTABILITY = YES;
				ENABLE_USER_SCRIPT_SANDBOXING = YES;
				GCC_C_LANGUAGE_STANDARD = gnu17;
				GCC_DYNAMIC_NO_PIC = NO;
				GCC_NO_COMMON_BLOCKS = YES;
				GCC_OPTIMIZATION_LEVEL = 0;
				GCC_PREPROCESSOR_DEFINITIONS = (
					"DEBUG=1",
					"$(inherited)",
				);
				GCC_WARN_64_TO_32_BIT_CONVERSION = YES;
				GCC_WARN_ABOUT_RETURN_TYPE = YES_ERROR;
				GCC_WARN_UNDECLARED_SELECTOR = YES;
				GCC_WARN_UNINITIALIZED_AUTOS = YES_AGGRESSIVE;
				GCC_WARN_UNUSED_FUNCTION = YES;
				GCC_WARN_UNUSED_VARIABLE = YES;
				IPHONEOS_DEPLOYMENT_TARGET = 26.0;
				LOCALIZATION_PREFERS_STRING_CATALOGS = YES;
				MTL_ENABLE_DEBUG_INFO = INCLUDE_SOURCE;
				MTL_FAST_MATH = YES;
				ONLY_ACTIVE_ARCH = YES;
				SDKROOT = iphoneos;
				SWIFT_ACTIVE_COMPILATION_CONDITIONS = "DEBUG $(inherited)";
				SWIFT_OPTIMIZATION_LEVEL = "-Onone";
			};
			name = Debug;
		};
		41C3BEC42F2C4F41000CAAE8 /* Release */ = {
			isa = XCBuildConfiguration;
			buildSettings = {
				ALWAYS_SEARCH_USER_PATHS = NO;
				ASSETCATALOG_COMPILER_GENERATE_SWIFT_ASSET_SYMBOL_EXTENSIONS = YES;
				CLANG_ANALYZER_NONNULL = YES;
				CLANG_ANALYZER_NUMBER_OBJECT_CONVERSION = YES_AGGRESSIVE;
				CLANG_CXX_LANGUAGE_STANDARD = "gnu++20";
				CLANG_ENABLE_MODULES = YES;
				CLANG_ENABLE_OBJC_ARC = YES;
				CLANG_ENABLE_OBJC_WEAK = YES;
				CLANG_WARN_BLOCK_CAPTURE_AUTORELEASING = YES;
				CLANG_WARN_BOOL_CONVERSION = YES;
				CLANG_WARN_COMMA = YES;
				CLANG_WARN_CONSTANT_CONVERSION = YES;
				CLANG_WARN_DEPRECATED_OBJC_IMPLEMENTATIONS = YES;
				CLANG_WARN_DIRECT_OBJC_ISA_USAGE = YES_ERROR;
				CLANG_WARN_DOCUMENTATION_COMMENTS = YES;
				CLANG_WARN_EMPTY_BODY = YES;
				CLANG_WARN_ENUM_CONVERSION = YES;
				CLANG_WARN_INFINITE_RECURSION = YES;
				CLANG_WARN_INT_CONVERSION = YES;
				CLANG_WARN_NON_LITERAL_NULL_CONVERSION = YES;
				CLANG_WARN_OBJC_IMPLICIT_RETAIN_SELF = YES;
				CLANG_WARN_OBJC_LITERAL_CONVERSION = YES;
				CLANG_WARN_OBJC_ROOT_CLASS = YES_ERROR;
				CLANG_WARN_QUOTED_INCLUDE_IN_FRAMEWORK_HEADER = YES;
				CLANG_WARN_RANGE_LOOP_ANALYSIS = YES;
				CLANG_WARN_STRICT_PROTOTYPES = YES;
				CLANG_WARN_SUSPICIOUS_MOVE = YES;
				CLANG_WARN_UNGUARDED_AVAILABILITY = YES_AGGRESSIVE;
				CLANG_WARN_UNREACHABLE_CODE = YES;
				CLANG_WARN__DUPLICATE_METHOD_MATCH = YES;
				COPY_PHASE_STRIP = NO;
				DEBUG_INFORMATION_FORMAT = "dwarf-with-dsym";
				ENABLE_NS_ASSERTIONS = NO;
				ENABLE_STRICT_OBJC_MSGSEND = YES;
				ENABLE_USER_SCRIPT_SANDBOXING = YES;
				GCC_C_LANGUAGE_STANDARD = gnu17;
				GCC_NO_COMMON_BLOCKS = YES;
				GCC_WARN_64_TO_32_BIT_CONVERSION = YES;
				GCC_WARN_ABOUT_RETURN_TYPE = YES_ERROR;
				GCC_WARN_UNDECLARED_SELECTOR = YES;
				GCC_WARN_UNINITIALIZED_AUTOS = YES_AGGRESSIVE;
				GCC_WARN_UNUSED_FUNCTION = YES;
				GCC_WARN_UNUSED_VARIABLE = YES;
				IPHONEOS_DEPLOYMENT_TARGET = 26.0;
				LOCALIZATION_PREFERS_STRING_CATALOGS = YES;
				MTL_ENABLE_DEBUG_INFO = NO;
				MTL_FAST_MATH = YES;
				SDKROOT = iphoneos;
				SWIFT_COMPILATION_MODE = wholemodule;
				VALIDATE_PRODUCT = YES;
			};
			name = Release;
		};
		41C3BEC62F2C4F41000CAAE8 /* Debug */ = {
			isa = XCBuildConfiguration;
			buildSettings = {
				ASSETCATALOG_COMPILER_APPICON_NAME = AppIcon;
				ASSETCATALOG_COMPILER_GLOBAL_ACCENT_COLOR_NAME = AccentColor;
				CODE_SIGN_STYLE = Automatic;
				CURRENT_PROJECT_VERSION = 1;
				ENABLE_PREVIEWS = YES;
				GENERATE_INFOPLIST_FILE = YES;
				INFOPLIST_KEY_UIApplicationSceneManifest_Generation = YES;
				INFOPLIST_KEY_UIApplicationSupportsIndirectInputEvents = YES;
				INFOPLIST_KEY_UILaunchScreen_Generation = YES;
				INFOPLIST_KEY_UISupportedInterfaceOrientations_iPad = "UIInterfaceOrientationPortrait UIInterfaceOrientationPortraitUpsideDown UIInterfaceOrientationLandscapeLeft UIInterfaceOrientationLandscapeRight";
				INFOPLIST_KEY_UISupportedInterfaceOrientations_iPhone = "UIInterfaceOrientationPortrait UIInterfaceOrientationLandscapeLeft UIInterfaceOrientationLandscapeRight";
				LD_RUNPATH_SEARCH_PATHS = (
					"$(inherited)",
					"@executable_path/Frameworks",
				);
				MARKETING_VERSION = 1.0;
				PRODUCT_BUNDLE_IDENTIFIER = com.sean.VisionSpeechDemoApp;
				PRODUCT_NAME = "$(TARGET_NAME)";
				STRING_CATALOG_GENERATE_SYMBOLS = YES;
				SWIFT_APPROACHABLE_CONCURRENCY = YES;
				SWIFT_DEFAULT_ACTOR_ISOLATION = MainActor;
				SWIFT_EMIT_LOC_STRINGS = YES;
				SWIFT_UPCOMING_FEATURE_MEMBER_IMPORT_VISIBILITY = YES;
				SWIFT_VERSION = 5.0;
				TARGETED_DEVICE_FAMILY = "1,2";
			};
			name = Debug;
		};
		41C3BEC72F2C4F41000CAAE8 /* Release */ = {
			isa = XCBuildConfiguration;
			buildSettings = {
				ASSETCATALOG_COMPILER_APPICON_NAME = AppIcon;
				ASSETCATALOG_COMPILER_GLOBAL_ACCENT_COLOR_NAME = AccentColor;
				CODE_SIGN_STYLE = Automatic;
				CURRENT_PROJECT_VERSION = 1;
				ENABLE_PREVIEWS = YES;
				GENERATE_INFOPLIST_FILE = YES;
				INFOPLIST_KEY_UIApplicationSceneManifest_Generation = YES;
				INFOPLIST_KEY_UIApplicationSupportsIndirectInputEvents = YES;
				INFOPLIST_KEY_UILaunchScreen_Generation = YES;
				INFOPLIST_KEY_UISupportedInterfaceOrientations_iPad = "UIInterfaceOrientationPortrait UIInterfaceOrientationPortraitUpsideDown UIInterfaceOrientationLandscapeLeft UIInterfaceOrientationLandscapeRight";
				INFOPLIST_KEY_UISupportedInterfaceOrientations_iPhone = "UIInterfaceOrientationPortrait UIInterfaceOrientationLandscapeLeft UIInterfaceOrientationLandscapeRight";
				LD_RUNPATH_SEARCH_PATHS = (
					"$(inherited)",
					"@executable_path/Frameworks",
				);
				MARKETING_VERSION = 1.0;
				PRODUCT_BUNDLE_IDENTIFIER = com.sean.VisionSpeechDemoApp;
				PRODUCT_NAME = "$(TARGET_NAME)";
				STRING_CATALOG_GENERATE_SYMBOLS = YES;
				SWIFT_APPROACHABLE_CONCURRENCY = YES;
				SWIFT_DEFAULT_ACTOR_ISOLATION = MainActor;
				SWIFT_EMIT_LOC_STRINGS = YES;
				SWIFT_UPCOMING_FEATURE_MEMBER_IMPORT_VISIBILITY = YES;
				SWIFT_VERSION = 5.0;
				TARGETED_DEVICE_FAMILY = "1,2";
			};
			name = Release;
		};
		41C3BEC92F2C4F41000CAAE8 /* Debug */ = {
			isa = XCBuildConfiguration;
			buildSettings = {
				BUNDLE_LOADER = "$(TEST_HOST)";
				CODE_SIGN_STYLE = Automatic;
				CURRENT_PROJECT_VERSION = 1;
				GENERATE_INFOPLIST_FILE = YES;
				IPHONEOS_DEPLOYMENT_TARGET = 26.0;
				MARKETING_VERSION = 1.0;
				PRODUCT_BUNDLE_IDENTIFIER = com.sean.VisionSpeechDemoAppTests;
				PRODUCT_NAME = "$(TARGET_NAME)";
				STRING_CATALOG_GENERATE_SYMBOLS = NO;
				SWIFT_APPROACHABLE_CONCURRENCY = YES;
				SWIFT_EMIT_LOC_STRINGS = NO;
				SWIFT_UPCOMING_FEATURE_MEMBER_IMPORT_VISIBILITY = YES;
				SWIFT_VERSION = 5.0;
				TARGETED_DEVICE_FAMILY = "1,2";
				TEST_HOST = "$(BUILT_PRODUCTS_DIR)/VisionSpeechDemoApp.app/$(BUNDLE_EXECUTABLE_FOLDER_PATH)/VisionSpeechDemoApp";
			};
			name = Debug;
		};
		41C3BECA2F2C4F41000CAAE8 /* Release */ = {
			isa = XCBuildConfiguration;
			buildSettings = {
				BUNDLE_LOADER = "$(TEST_HOST)";
				CODE_SIGN_STYLE = Automatic;
				CURRENT_PROJECT_VERSION = 1;
				GENERATE_INFOPLIST_FILE = YES;
				IPHONEOS_DEPLOYMENT_TARGET = 26.0;
				MARKETING_VERSION = 1.0;
				PRODUCT_BUNDLE_IDENTIFIER = com.sean.VisionSpeechDemoAppTests;
				PRODUCT_NAME = "$(TARGET_NAME)";
				STRING_CATALOG_GENERATE_SYMBOLS = NO;
				SWIFT_APPROACHABLE_CONCURRENCY = YES;
				SWIFT_EMIT_LOC_STRINGS = NO;
				SWIFT_UPCOMING_FEATURE_MEMBER_IMPORT_VISIBILITY = YES;
				SWIFT_VERSION = 5.0;
				TARGETED_DEVICE_FAMILY = "1,2";
				TEST_HOST = "$(BUILT_PRODUCTS_DIR)/VisionSpeechDemoApp.app/$(BUNDLE_EXECUTABLE_FOLDER_PATH)/VisionSpeechDemoApp";
			};
			name = Release;
		};
		41C3BECC2F2C4F41000CAAE8 /* Debug */ = {
			isa = XCBuildConfiguration;
			buildSettings = {
				CODE_SIGN_STYLE = Automatic;
				CURRENT_PROJECT_VERSION = 1;
				GENERATE_INFOPLIST_FILE = YES;
				MARKETING_VERSION = 1.0;
				PRODUCT_BUNDLE_IDENTIFIER = com.sean.VisionSpeechDemoAppUITests;
				PRODUCT_NAME = "$(TARGET_NAME)";
				STRING_CATALOG_GENERATE_SYMBOLS = NO;
				SWIFT_APPROACHABLE_CONCURRENCY = YES;
				SWIFT_EMIT_LOC_STRINGS = NO;
				SWIFT_UPCOMING_FEATURE_MEMBER_IMPORT_VISIBILITY = YES;
				SWIFT_VERSION = 5.0;
				TARGETED_DEVICE_FAMILY = "1,2";
				TEST_TARGET_NAME = VisionSpeechDemoApp;
			};
			name = Debug;
		};
		41C3BECD2F2C4F41000CAAE8 /* Release */ = {
			isa = XCBuildConfiguration;
			buildSettings = {
				CODE_SIGN_STYLE = Automatic;
				CURRENT_PROJECT_VERSION = 1;
				GENERATE_INFOPLIST_FILE = YES;
				MARKETING_VERSION = 1.0;
				PRODUCT_BUNDLE_IDENTIFIER = com.sean.VisionSpeechDemoAppUITests;
				PRODUCT_NAME = "$(TARGET_NAME)";
				STRING_CATALOG_GENERATE_SYMBOLS = NO;
				SWIFT_APPROACHABLE_CONCURRENCY = YES;
				SWIFT_EMIT_LOC_STRINGS = NO;
				SWIFT_UPCOMING_FEATURE_MEMBER_IMPORT_VISIBILITY = YES;
				SWIFT_VERSION = 5.0;
				TARGETED_DEVICE_FAMILY = "1,2";
				TEST_TARGET_NAME = VisionSpeechDemoApp;
			};
			name = Release;
		};
/* End XCBuildConfiguration section */

/* Begin XCConfigurationList section */
		41C3BE9D2F2C4F3D000CAAE8 /* Build configuration list for PBXProject "VisionSpeechDemoApp" */ = {
			isa = XCConfigurationList;
			buildConfigurations = (
				41C3BEC32F2C4F41000CAAE8 /* Debug */,
				41C3BEC42F2C4F41000CAAE8 /* Release */,
			);
			defaultConfigurationIsVisible = 0;
			defaultConfigurationName = Release;
		};
		41C3BEC52F2C4F41000CAAE8 /* Build configuration list for PBXNativeTarget "VisionSpeechDemoApp" */ = {
			isa = XCConfigurationList;
			buildConfigurations = (
				41C3BEC62F2C4F41000CAAE8 /* Debug */,
				41C3BEC72F2C4F41000CAAE8 /* Release */,
			);
			defaultConfigurationIsVisible = 0;
			defaultConfigurationName = Release;
		};
		41C3BEC82F2C4F41000CAAE8 /* Build configuration list for PBXNativeTarget "VisionSpeechDemoAppTests" */ = {
			isa = XCConfigurationList;
			buildConfigurations = (
				41C3BEC92F2C4F41000CAAE8 /* Debug */,
				41C3BECA2F2C4F41000CAAE8 /* Release */,
			);
			defaultConfigurationIsVisible = 0;
			defaultConfigurationName = Release;
		};
		41C3BECB2F2C4F41000CAAE8 /* Build configuration list for PBXNativeTarget "VisionSpeechDemoAppUITests" */ = {
			isa = XCConfigurationList;
			buildConfigurations = (
				41C3BECC2F2C4F41000CAAE8 /* Debug */,
				41C3BECD2F2C4F41000CAAE8 /* Release */,
			);
			defaultConfigurationIsVisible = 0;
			defaultConfigurationName = Release;
		};
/* End XCConfigurationList section */
	};
	rootObject = 41C3BE9A2F2C4F3D000CAAE8 /* Project object */;
}
